
Microsoft Visual Studio Solution File, Format Version 12.00
# Visual Studio Version 17
VisualStudioVersion = 17.3.32825.248
MinimumVisualStudioVersion = 10.0.40219.1
Project("{FAE04EC0-301F-11D3-BF4B-00C04F79EFBC}") = "Functions", "Functions\Functions.csproj", "{77952B9A-EFE2-46FF-AA24-4D2E38843BFD}"
EndProject
Project("{FAE04EC0-301F-11D3-BF4B-00C04F79EFBC}") = "ArgumentsAndParameters", "ArgumentsAndParameters\ArgumentsAndParameters.csproj", "{46129EEC-2F4C-4745-A71F-5C37855EBCF6}"
EndProject
Project("{FAE04EC0-301F-11D3-BF4B-00C04F79EFBC}") = "Calculator", "Calculator\Calculator.csproj", "{3C8B7C13-9244-4D9B-A91E-CA7126409600}"
EndProject
Project("{FAE04EC0-301F-11D3-BF4B-00C04F79EFBC}") = "DiscountCalculator", "DiscountCalculator\DiscountCalculator.csproj", "{A38026A0-5C5F-400C-AB0A-FABF10E9A3A6}"
EndProject
Project("{FAE04EC0-301F-11D3-BF4B-00C04F79EFBC}") = "TemperatureConverter", "TemperatureConverter\TemperatureConverter.csproj", "{F6EB1376-4BCE-4821-BBCE-2E31904BCF5E}"
EndProject
Global
	GlobalSection(SolutionConfigurationPlatforms) = preSolution
		Debug|Any CPU = Debug|Any CPU
		Release|Any CPU = Release|Any CPU
	EndGlobalSection
	GlobalSection(ProjectConfigurationPlatforms) = postSolution
		{77952B9A-EFE2-46FF-AA24-4D2E38843BFD}.Debug|Any CPU.ActiveCfg = Debug|Any CPU
		{77952B9A-EFE2-46FF-AA24-4D2E38843BFD}.Debug|Any CPU.Build.0 = Debug|Any CPU
		{77952B9A-EFE2-46FF-AA24-4D2E38843BFD}.Release|Any CPU.ActiveCfg = Release|Any CPU
		{77952B9A-EFE2-46FF-AA24-4D2E38843BFD}.Release|Any CPU.Build.0 = Release|Any CPU
		{46129EEC-2F4C-4745-A71F-5C37855EBCF6}.Debug|Any CPU.ActiveCfg = Debug|Any CPU
		{46129EEC-2F4C-4745-A71F-5C37855EBCF6}.Debug|Any CPU.Build.0 = Debug|Any CPU
		{46129EEC-2F4C-4745-A71F-5C37855EBCF6}.Release|Any CPU.ActiveCfg = Release|Any CPU
		{46129EEC-2F4C-4745-A71F-5C37855EBCF6}.Release|Any CPU.Build.0 = Release|Any CPU
		{3C8B7C13-9244-4D9B-A91E-CA7126409600}.Debug|Any CPU.ActiveCfg = Debug|Any CPU
		{3C8B7C13-9244-4D9B-A91E-CA7126409600}.Debug|Any CPU.Build.0 = Debug|Any CPU
		{3C8B7C13-9244-4D9B-A91E-CA7126409600}.Release|Any CPU.ActiveCfg = Release|Any CPU
		{3C8B7C13-9244-4D9B-A91E-CA7126409600}.Release|Any CPU.Build.0 = Release|Any CPU
		{A38026A0-5C5F-400C-AB0A-FABF10E9A3A6}.Debug|Any CPU.ActiveCfg = Debug|Any CPU
		{A38026A0-5C5F-400C-AB0A-FABF10E9A3A6}.Debug|Any CPU.Build.0 = Debug|Any CPU
		{A38026A0-5C5F-400C-AB0A-FABF10E9A3A6}.Release|Any CPU.ActiveCfg = Release|Any CPU
		{A38026A0-5C5F-400C-AB0A-FABF10E9A3A6}.Release|Any CPU.Build.0 = Release|Any CPU
		{F6EB1376-4BCE-4821-BBCE-2E31904BCF5E}.Debug|Any CPU.ActiveCfg = Debug|Any CPU
		{F6EB1376-4BCE-4821-BBCE-2E31904BCF5E}.Debug|Any CPU.Build.0 = Debug|Any CPU
		{F6EB1376-4BCE-4821-BBCE-2E31904BCF5E}.Release|Any CPU.ActiveCfg = Release|Any CPU
		{F6EB1376-4BCE-4821-BBCE-2E31904BCF5E}.Release|Any CPU.Build.0 = Release|Any CPU
	EndGlobalSection
	GlobalSection(SolutionProperties) = preSolution
		HideSolutionNode = FALSE
	EndGlobalSection
	GlobalSection(ExtensibilityGlobals) = postSolution
		SolutionGuid = {1D3A02C6-5671-49CE-9E74-CA8901A6724F}
	EndGlobalSection
EndGlobal
